
Microsoft Visual Studio Solution File, Format Version 12.00
# Visual Studio Version 16
VisualStudioVersion = 16.0.29905.134
MinimumVisualStudioVersion = 10.0.40219.1
Project("{FAE04EC0-301F-11D3-BF4B-00C04F79EFBC}") = "CinematicsXF", "CinematicsXF\CinematicsXF\CinematicsXF.csproj", "{32042434-B035-49EA-BB1C-ED921EB8AFDF}"
EndProject
Project("{FAE04EC0-301F-11D3-BF4B-00C04F79EFBC}") = "CinematicsXF.Core", "CinematicsXF\CinematicsXF.Core\CinematicsXF.Core.csproj", "{81075E4B-B2D0-4201-A24B-143EF40B2AC1}"
EndProject
Project("{FAE04EC0-301F-11D3-BF4B-00C04F79EFBC}") = "CinematicsXF.Android", "CinematicsXF\CinematicsXF.Android\CinematicsXF.Android.csproj", "{555F0035-E38E-4543-908A-34872C750CD9}"
EndProject
Project("{FAE04EC0-301F-11D3-BF4B-00C04F79EFBC}") = "CinematicsXF.iOS", "CinematicsXF\CinematicsXF.iOS\CinematicsXF.iOS.csproj", "{895ACB2E-591A-4002-A8D8-A475F64A14E2}"
EndProject
Project("{FAE04EC0-301F-11D3-BF4B-00C04F79EFBC}") = "CinematicsXF.UWP", "CinematicsXF\CinematicsXF.UWP\CinematicsXF.UWP.csproj", "{DF8797BE-4613-45A8-8A85-D3597C33CEFC}"
EndProject
Global
	GlobalSection(SolutionConfigurationPlatforms) = preSolution
		Ad-Hoc|Any CPU = Ad-Hoc|Any CPU
		Ad-Hoc|ARM = Ad-Hoc|ARM
		Ad-Hoc|ARM64 = Ad-Hoc|ARM64
		Ad-Hoc|iPhone = Ad-Hoc|iPhone
		Ad-Hoc|iPhoneSimulator = Ad-Hoc|iPhoneSimulator
		Ad-Hoc|x64 = Ad-Hoc|x64
		Ad-Hoc|x86 = Ad-Hoc|x86
		AppStore|Any CPU = AppStore|Any CPU
		AppStore|ARM = AppStore|ARM
		AppStore|ARM64 = AppStore|ARM64
		AppStore|iPhone = AppStore|iPhone
		AppStore|iPhoneSimulator = AppStore|iPhoneSimulator
		AppStore|x64 = AppStore|x64
		AppStore|x86 = AppStore|x86
		Debug|Any CPU = Debug|Any CPU
		Debug|ARM = Debug|ARM
		Debug|ARM64 = Debug|ARM64
		Debug|iPhone = Debug|iPhone
		Debug|iPhoneSimulator = Debug|iPhoneSimulator
		Debug|x64 = Debug|x64
		Debug|x86 = Debug|x86
		Release|Any CPU = Release|Any CPU
		Release|ARM = Release|ARM
		Release|ARM64 = Release|ARM64
		Release|iPhone = Release|iPhone
		Release|iPhoneSimulator = Release|iPhoneSimulator
		Release|x64 = Release|x64
		Release|x86 = Release|x86
	EndGlobalSection
	GlobalSection(ProjectConfigurationPlatforms) = postSolution
		{32042434-B035-49EA-BB1C-ED921EB8AFDF}.Ad-Hoc|Any CPU.ActiveCfg = Debug|Any CPU
		{32042434-B035-49EA-BB1C-ED921EB8AFDF}.Ad-Hoc|Any CPU.Build.0 = Debug|Any CPU
		{32042434-B035-49EA-BB1C-ED921EB8AFDF}.Ad-Hoc|ARM.ActiveCfg = Debug|Any CPU
		{32042434-B035-49EA-BB1C-ED921EB8AFDF}.Ad-Hoc|ARM.Build.0 = Debug|Any CPU
		{32042434-B035-49EA-BB1C-ED921EB8AFDF}.Ad-Hoc|ARM64.ActiveCfg = Debug|Any CPU
		{32042434-B035-49EA-BB1C-ED921EB8AFDF}.Ad-Hoc|ARM64.Build.0 = Debug|Any CPU
		{32042434-B035-49EA-BB1C-ED921EB8AFDF}.Ad-Hoc|iPhone.ActiveCfg = Debug|Any CPU
		{32042434-B035-49EA-BB1C-ED921EB8AFDF}.Ad-Hoc|iPhone.Build.0 = Debug|Any CPU
		{32042434-B035-49EA-BB1C-ED921EB8AFDF}.Ad-Hoc|iPhoneSimulator.ActiveCfg = Debug|Any CPU
		{32042434-B035-49EA-BB1C-ED921EB8AFDF}.Ad-Hoc|iPhoneSimulator.Build.0 = Debug|Any CPU
		{32042434-B035-49EA-BB1C-ED921EB8AFDF}.Ad-Hoc|x64.ActiveCfg = Debug|Any CPU
		{32042434-B035-49EA-BB1C-ED921EB8AFDF}.Ad-Hoc|x64.Build.0 = Debug|Any CPU
		{32042434-B035-49EA-BB1C-ED921EB8AFDF}.Ad-Hoc|x86.ActiveCfg = Debug|Any CPU
		{32042434-B035-49EA-BB1C-ED921EB8AFDF}.Ad-Hoc|x86.Build.0 = Debug|Any CPU
		{32042434-B035-49EA-BB1C-ED921EB8AFDF}.AppStore|Any CPU.ActiveCfg = Debug|Any CPU
		{32042434-B035-49EA-BB1C-ED921EB8AFDF}.AppStore|Any CPU.Build.0 = Debug|Any CPU
		{32042434-B035-49EA-BB1C-ED921EB8AFDF}.AppStore|ARM.ActiveCfg = Debug|Any CPU
		{32042434-B035-49EA-BB1C-ED921EB8AFDF}.AppStore|ARM.Build.0 = Debug|Any CPU
		{32042434-B035-49EA-BB1C-ED921EB8AFDF}.AppStore|ARM64.ActiveCfg = Debug|Any CPU
		{32042434-B035-49EA-BB1C-ED921EB8AFDF}.AppStore|ARM64.Build.0 = Debug|Any CPU
		{32042434-B035-49EA-BB1C-ED921EB8AFDF}.AppStore|iPhone.ActiveCfg = Debug|Any CPU
		{32042434-B035-49EA-BB1C-ED921EB8AFDF}.AppStore|iPhone.Build.0 = Debug|Any CPU
		{32042434-B035-49EA-BB1C-ED921EB8AFDF}.AppStore|iPhoneSimulator.ActiveCfg = Debug|Any CPU
		{32042434-B035-49EA-BB1C-ED921EB8AFDF}.AppStore|iPhoneSimulator.Build.0 = Debug|Any CPU
		{32042434-B035-49EA-BB1C-ED921EB8AFDF}.AppStore|x64.ActiveCfg = Debug|Any CPU
		{32042434-B035-49EA-BB1C-ED921EB8AFDF}.AppStore|x64.Build.0 = Debug|Any CPU
		{32042434-B035-49EA-BB1C-ED921EB8AFDF}.AppStore|x86.ActiveCfg = Debug|Any CPU
		{32042434-B035-49EA-BB1C-ED921EB8AFDF}.AppStore|x86.Build.0 = Debug|Any CPU
		{32042434-B035-49EA-BB1C-ED921EB8AFDF}.Debug|Any CPU.ActiveCfg = Debug|Any CPU
		{32042434-B035-49EA-BB1C-ED921EB8AFDF}.Debug|Any CPU.Build.0 = Debug|Any CPU
		{32042434-B035-49EA-BB1C-ED921EB8AFDF}.Debug|ARM.ActiveCfg = Debug|Any CPU
		{32042434-B035-49EA-BB1C-ED921EB8AFDF}.Debug|ARM.Build.0 = Debug|Any CPU
		{32042434-B035-49EA-BB1C-ED921EB8AFDF}.Debug|ARM64.ActiveCfg = Debug|Any CPU
		{32042434-B035-49EA-BB1C-ED921EB8AFDF}.Debug|ARM64.Build.0 = Debug|Any CPU
		{32042434-B035-49EA-BB1C-ED921EB8AFDF}.Debug|iPhone.ActiveCfg = Debug|Any CPU
		{32042434-B035-49EA-BB1C-ED921EB8AFDF}.Debug|iPhone.Build.0 = Debug|Any CPU
		{32042434-B035-49EA-BB1C-ED921EB8AFDF}.Debug|iPhoneSimulator.ActiveCfg = Debug|Any CPU
		{32042434-B035-49EA-BB1C-ED921EB8AFDF}.Debug|iPhoneSimulator.Build.0 = Debug|Any CPU
		{32042434-B035-49EA-BB1C-ED921EB8AFDF}.Debug|x64.ActiveCfg = Debug|Any CPU
		{32042434-B035-49EA-BB1C-ED921EB8AFDF}.Debug|x64.Build.0 = Debug|Any CPU
		{32042434-B035-49EA-BB1C-ED921EB8AFDF}.Debug|x86.ActiveCfg = Debug|Any CPU
		{32042434-B035-49EA-BB1C-ED921EB8AFDF}.Debug|x86.Build.0 = Debug|Any CPU
		{32042434-B035-49EA-BB1C-ED921EB8AFDF}.Release|Any CPU.ActiveCfg = Release|Any CPU
		{32042434-B035-49EA-BB1C-ED921EB8AFDF}.Release|Any CPU.Build.0 = Release|Any CPU
		{32042434-B035-49EA-BB1C-ED921EB8AFDF}.Release|ARM.ActiveCfg = Release|Any CPU
		{32042434-B035-49EA-BB1C-ED921EB8AFDF}.Release|ARM.Build.0 = Release|Any CPU
		{32042434-B035-49EA-BB1C-ED921EB8AFDF}.Release|ARM64.ActiveCfg = Release|Any CPU
		{32042434-B035-49EA-BB1C-ED921EB8AFDF}.Release|ARM64.Build.0 = Release|Any CPU
		{32042434-B035-49EA-BB1C-ED921EB8AFDF}.Release|iPhone.ActiveCfg = Release|Any CPU
		{32042434-B035-49EA-BB1C-ED921EB8AFDF}.Release|iPhone.Build.0 = Release|Any CPU
		{32042434-B035-49EA-BB1C-ED921EB8AFDF}.Release|iPhoneSimulator.ActiveCfg = Release|Any CPU
		{32042434-B035-49EA-BB1C-ED921EB8AFDF}.Release|iPhoneSimulator.Build.0 = Release|Any CPU
		{32042434-B035-49EA-BB1C-ED921EB8AFDF}.Release|x64.ActiveCfg = Release|Any CPU
		{32042434-B035-49EA-BB1C-ED921EB8AFDF}.Release|x64.Build.0 = Release|Any CPU
		{32042434-B035-49EA-BB1C-ED921EB8AFDF}.Release|x86.ActiveCfg = Release|Any CPU
		{32042434-B035-49EA-BB1C-ED921EB8AFDF}.Release|x86.Build.0 = Release|Any CPU
		{81075E4B-B2D0-4201-A24B-143EF40B2AC1}.Ad-Hoc|Any CPU.ActiveCfg = Debug|Any CPU
		{81075E4B-B2D0-4201-A24B-143EF40B2AC1}.Ad-Hoc|Any CPU.Build.0 = Debug|Any CPU
		{81075E4B-B2D0-4201-A24B-143EF40B2AC1}.Ad-Hoc|ARM.ActiveCfg = Debug|Any CPU
		{81075E4B-B2D0-4201-A24B-143EF40B2AC1}.Ad-Hoc|ARM.Build.0 = Debug|Any CPU
		{81075E4B-B2D0-4201-A24B-143EF40B2AC1}.Ad-Hoc|ARM64.ActiveCfg = Debug|Any CPU
		{81075E4B-B2D0-4201-A24B-143EF40B2AC1}.Ad-Hoc|ARM64.Build.0 = Debug|Any CPU
		{81075E4B-B2D0-4201-A24B-143EF40B2AC1}.Ad-Hoc|iPhone.ActiveCfg = Debug|Any CPU
		{81075E4B-B2D0-4201-A24B-143EF40B2AC1}.Ad-Hoc|iPhone.Build.0 = Debug|Any CPU
		{81075E4B-B2D0-4201-A24B-143EF40B2AC1}.Ad-Hoc|iPhoneSimulator.ActiveCfg = Debug|Any CPU
		{81075E4B-B2D0-4201-A24B-143EF40B2AC1}.Ad-Hoc|iPhoneSimulator.Build.0 = Debug|Any CPU
		{81075E4B-B2D0-4201-A24B-143EF40B2AC1}.Ad-Hoc|x64.ActiveCfg = Debug|Any CPU
		{81075E4B-B2D0-4201-A24B-143EF40B2AC1}.Ad-Hoc|x64.Build.0 = Debug|Any CPU
		{81075E4B-B2D0-4201-A24B-143EF40B2AC1}.Ad-Hoc|x86.ActiveCfg = Debug|Any CPU
		{81075E4B-B2D0-4201-A24B-143EF40B2AC1}.Ad-Hoc|x86.Build.0 = Debug|Any CPU
		{81075E4B-B2D0-4201-A24B-143EF40B2AC1}.AppStore|Any CPU.ActiveCfg = Debug|Any CPU
		{81075E4B-B2D0-4201-A24B-143EF40B2AC1}.AppStore|Any CPU.Build.0 = Debug|Any CPU
		{81075E4B-B2D0-4201-A24B-143EF40B2AC1}.AppStore|ARM.ActiveCfg = Debug|Any CPU
		{81075E4B-B2D0-4201-A24B-143EF40B2AC1}.AppStore|ARM.Build.0 = Debug|Any CPU
		{81075E4B-B2D0-4201-A24B-143EF40B2AC1}.AppStore|ARM64.ActiveCfg = Debug|Any CPU
		{81075E4B-B2D0-4201-A24B-143EF40B2AC1}.AppStore|ARM64.Build.0 = Debug|Any CPU
		{81075E4B-B2D0-4201-A24B-143EF40B2AC1}.AppStore|iPhone.ActiveCfg = Debug|Any CPU
		{81075E4B-B2D0-4201-A24B-143EF40B2AC1}.AppStore|iPhone.Build.0 = Debug|Any CPU
		{81075E4B-B2D0-4201-A24B-143EF40B2AC1}.AppStore|iPhoneSimulator.ActiveCfg = Debug|Any CPU
		{81075E4B-B2D0-4201-A24B-143EF40B2AC1}.AppStore|iPhoneSimulator.Build.0 = Debug|Any CPU
		{81075E4B-B2D0-4201-A24B-143EF40B2AC1}.AppStore|x64.ActiveCfg = Debug|Any CPU
		{81075E4B-B2D0-4201-A24B-143EF40B2AC1}.AppStore|x64.Build.0 = Debug|Any CPU
		{81075E4B-B2D0-4201-A24B-143EF40B2AC1}.AppStore|x86.ActiveCfg = Debug|Any CPU
		{81075E4B-B2D0-4201-A24B-143EF40B2AC1}.AppStore|x86.Build.0 = Debug|Any CPU
		{81075E4B-B2D0-4201-A24B-143EF40B2AC1}.Debug|Any CPU.ActiveCfg = Debug|Any CPU
		{81075E4B-B2D0-4201-A24B-143EF40B2AC1}.Debug|Any CPU.Build.0 = Debug|Any CPU
		{81075E4B-B2D0-4201-A24B-143EF40B2AC1}.Debug|ARM.ActiveCfg = Debug|Any CPU
		{81075E4B-B2D0-4201-A24B-143EF40B2AC1}.Debug|ARM.Build.0 = Debug|Any CPU
		{81075E4B-B2D0-4201-A24B-143EF40B2AC1}.Debug|ARM64.ActiveCfg = Debug|Any CPU
		{81075E4B-B2D0-4201-A24B-143EF40B2AC1}.Debug|ARM64.Build.0 = Debug|Any CPU
		{81075E4B-B2D0-4201-A24B-143EF40B2AC1}.Debug|iPhone.ActiveCfg = Debug|Any CPU
		{81075E4B-B2D0-4201-A24B-143EF40B2AC1}.Debug|iPhone.Build.0 = Debug|Any CPU
		{81075E4B-B2D0-4201-A24B-143EF40B2AC1}.Debug|iPhoneSimulator.ActiveCfg = Debug|Any CPU
		{81075E4B-B2D0-4201-A24B-143EF40B2AC1}.Debug|iPhoneSimulator.Build.0 = Debug|Any CPU
		{81075E4B-B2D0-4201-A24B-143EF40B2AC1}.Debug|x64.ActiveCfg = Debug|Any CPU
		{81075E4B-B2D0-4201-A24B-143EF40B2AC1}.Debug|x64.Build.0 = Debug|Any CPU
		{81075E4B-B2D0-4201-A24B-143EF40B2AC1}.Debug|x86.ActiveCfg = Debug|Any CPU
		{81075E4B-B2D0-4201-A24B-143EF40B2AC1}.Debug|x86.Build.0 = Debug|Any CPU
		{81075E4B-B2D0-4201-A24B-143EF40B2AC1}.Release|Any CPU.ActiveCfg = Release|Any CPU
		{81075E4B-B2D0-4201-A24B-143EF40B2AC1}.Release|Any CPU.Build.0 = Release|Any CPU
		{81075E4B-B2D0-4201-A24B-143EF40B2AC1}.Release|ARM.ActiveCfg = Release|Any CPU
		{81075E4B-B2D0-4201-A24B-143EF40B2AC1}.Release|ARM.Build.0 = Release|Any CPU
		{81075E4B-B2D0-4201-A24B-143EF40B2AC1}.Release|ARM64.ActiveCfg = Release|Any CPU
		{81075E4B-B2D0-4201-A24B-143EF40B2AC1}.Release|ARM64.Build.0 = Release|Any CPU
		{81075E4B-B2D0-4201-A24B-143EF40B2AC1}.Release|iPhone.ActiveCfg = Release|Any CPU
		{81075E4B-B2D0-4201-A24B-143EF40B2AC1}.Release|iPhone.Build.0 = Release|Any CPU
		{81075E4B-B2D0-4201-A24B-143EF40B2AC1}.Release|iPhoneSimulator.ActiveCfg = Release|Any CPU
		{81075E4B-B2D0-4201-A24B-143EF40B2AC1}.Release|iPhoneSimulator.Build.0 = Release|Any CPU
		{81075E4B-B2D0-4201-A24B-143EF40B2AC1}.Release|x64.ActiveCfg = Release|Any CPU
		{81075E4B-B2D0-4201-A24B-143EF40B2AC1}.Release|x64.Build.0 = Release|Any CPU
		{81075E4B-B2D0-4201-A24B-143EF40B2AC1}.Release|x86.ActiveCfg = Release|Any CPU
		{81075E4B-B2D0-4201-A24B-143EF40B2AC1}.Release|x86.Build.0 = Release|Any CPU
		{555F0035-E38E-4543-908A-34872C750CD9}.Ad-Hoc|Any CPU.ActiveCfg = Release|Any CPU
		{555F0035-E38E-4543-908A-34872C750CD9}.Ad-Hoc|Any CPU.Build.0 = Release|Any CPU
		{555F0035-E38E-4543-908A-34872C750CD9}.Ad-Hoc|Any CPU.Deploy.0 = Release|Any CPU
		{555F0035-E38E-4543-908A-34872C750CD9}.Ad-Hoc|ARM.ActiveCfg = Release|Any CPU
		{555F0035-E38E-4543-908A-34872C750CD9}.Ad-Hoc|ARM.Build.0 = Release|Any CPU
		{555F0035-E38E-4543-908A-34872C750CD9}.Ad-Hoc|ARM.Deploy.0 = Release|Any CPU
		{555F0035-E38E-4543-908A-34872C750CD9}.Ad-Hoc|ARM64.ActiveCfg = Release|Any CPU
		{555F0035-E38E-4543-908A-34872C750CD9}.Ad-Hoc|ARM64.Build.0 = Release|Any CPU
		{555F0035-E38E-4543-908A-34872C750CD9}.Ad-Hoc|ARM64.Deploy.0 = Release|Any CPU
		{555F0035-E38E-4543-908A-34872C750CD9}.Ad-Hoc|iPhone.ActiveCfg = Release|Any CPU
		{555F0035-E38E-4543-908A-34872C750CD9}.Ad-Hoc|iPhone.Build.0 = Release|Any CPU
		{555F0035-E38E-4543-908A-34872C750CD9}.Ad-Hoc|iPhone.Deploy.0 = Release|Any CPU
		{555F0035-E38E-4543-908A-34872C750CD9}.Ad-Hoc|iPhoneSimulator.ActiveCfg = Release|Any CPU
		{555F0035-E38E-4543-908A-34872C750CD9}.Ad-Hoc|iPhoneSimulator.Build.0 = Release|Any CPU
		{555F0035-E38E-4543-908A-34872C750CD9}.Ad-Hoc|iPhoneSimulator.Deploy.0 = Release|Any CPU
		{555F0035-E38E-4543-908A-34872C750CD9}.Ad-Hoc|x64.ActiveCfg = Release|Any CPU
		{555F0035-E38E-4543-908A-34872C750CD9}.Ad-Hoc|x64.Build.0 = Release|Any CPU
		{555F0035-E38E-4543-908A-34872C750CD9}.Ad-Hoc|x64.Deploy.0 = Release|Any CPU
		{555F0035-E38E-4543-908A-34872C750CD9}.Ad-Hoc|x86.ActiveCfg = Release|Any CPU
		{555F0035-E38E-4543-908A-34872C750CD9}.Ad-Hoc|x86.Build.0 = Release|Any CPU
		{555F0035-E38E-4543-908A-34872C750CD9}.Ad-Hoc|x86.Deploy.0 = Release|Any CPU
		{555F0035-E38E-4543-908A-34872C750CD9}.AppStore|Any CPU.ActiveCfg = Release|Any CPU
		{555F0035-E38E-4543-908A-34872C750CD9}.AppStore|Any CPU.Build.0 = Release|Any CPU
		{555F0035-E38E-4543-908A-34872C750CD9}.AppStore|Any CPU.Deploy.0 = Release|Any CPU
		{555F0035-E38E-4543-908A-34872C750CD9}.AppStore|ARM.ActiveCfg = Release|Any CPU
		{555F0035-E38E-4543-908A-34872C750CD9}.AppStore|ARM.Build.0 = Release|Any CPU
		{555F0035-E38E-4543-908A-34872C750CD9}.AppStore|ARM.Deploy.0 = Release|Any CPU
		{555F0035-E38E-4543-908A-34872C750CD9}.AppStore|ARM64.ActiveCfg = Release|Any CPU
		{555F0035-E38E-4543-908A-34872C750CD9}.AppStore|ARM64.Build.0 = Release|Any CPU
		{555F0035-E38E-4543-908A-34872C750CD9}.AppStore|ARM64.Deploy.0 = Release|Any CPU
		{555F0035-E38E-4543-908A-34872C750CD9}.AppStore|iPhone.ActiveCfg = Release|Any CPU
		{555F0035-E38E-4543-908A-34872C750CD9}.AppStore|iPhone.Build.0 = Release|Any CPU
		{555F0035-E38E-4543-908A-34872C750CD9}.AppStore|iPhone.Deploy.0 = Release|Any CPU
		{555F0035-E38E-4543-908A-34872C750CD9}.AppStore|iPhoneSimulator.ActiveCfg = Release|Any CPU
		{555F0035-E38E-4543-908A-34872C750CD9}.AppStore|iPhoneSimulator.Build.0 = Release|Any CPU
		{555F0035-E38E-4543-908A-34872C750CD9}.AppStore|iPhoneSimulator.Deploy.0 = Release|Any CPU
		{555F0035-E38E-4543-908A-34872C750CD9}.AppStore|x64.ActiveCfg = Release|Any CPU
		{555F0035-E38E-4543-908A-34872C750CD9}.AppStore|x64.Build.0 = Release|Any CPU
		{555F0035-E38E-4543-908A-34872C750CD9}.AppStore|x64.Deploy.0 = Release|Any CPU
		{555F0035-E38E-4543-908A-34872C750CD9}.AppStore|x86.ActiveCfg = Release|Any CPU
		{555F0035-E38E-4543-908A-34872C750CD9}.AppStore|x86.Build.0 = Release|Any CPU
		{555F0035-E38E-4543-908A-34872C750CD9}.AppStore|x86.Deploy.0 = Release|Any CPU
		{555F0035-E38E-4543-908A-34872C750CD9}.Debug|Any CPU.ActiveCfg = Debug|Any CPU
		{555F0035-E38E-4543-908A-34872C750CD9}.Debug|Any CPU.Build.0 = Debug|Any CPU
		{555F0035-E38E-4543-908A-34872C750CD9}.Debug|Any CPU.Deploy.0 = Debug|Any CPU
		{555F0035-E38E-4543-908A-34872C750CD9}.Debug|ARM.ActiveCfg = Debug|Any CPU
		{555F0035-E38E-4543-908A-34872C750CD9}.Debug|ARM.Build.0 = Debug|Any CPU
		{555F0035-E38E-4543-908A-34872C750CD9}.Debug|ARM.Deploy.0 = Debug|Any CPU
		{555F0035-E38E-4543-908A-34872C750CD9}.Debug|ARM64.ActiveCfg = Debug|Any CPU
		{555F0035-E38E-4543-908A-34872C750CD9}.Debug|ARM64.Build.0 = Debug|Any CPU
		{555F0035-E38E-4543-908A-34872C750CD9}.Debug|ARM64.Deploy.0 = Debug|Any CPU
		{555F0035-E38E-4543-908A-34872C750CD9}.Debug|iPhone.ActiveCfg = Debug|Any CPU
		{555F0035-E38E-4543-908A-34872C750CD9}.Debug|iPhone.Build.0 = Debug|Any CPU
		{555F0035-E38E-4543-908A-34872C750CD9}.Debug|iPhone.Deploy.0 = Debug|Any CPU
		{555F0035-E38E-4543-908A-34872C750CD9}.Debug|iPhoneSimulator.ActiveCfg = Debug|Any CPU
		{555F0035-E38E-4543-908A-34872C750CD9}.Debug|iPhoneSimulator.Build.0 = Debug|Any CPU
		{555F0035-E38E-4543-908A-34872C750CD9}.Debug|iPhoneSimulator.Deploy.0 = Debug|Any CPU
		{555F0035-E38E-4543-908A-34872C750CD9}.Debug|x64.ActiveCfg = Debug|Any CPU
		{555F0035-E38E-4543-908A-34872C750CD9}.Debug|x64.Build.0 = Debug|Any CPU
		{555F0035-E38E-4543-908A-34872C750CD9}.Debug|x64.Deploy.0 = Debug|Any CPU
		{555F0035-E38E-4543-908A-34872C750CD9}.Debug|x86.ActiveCfg = Debug|Any CPU
		{555F0035-E38E-4543-908A-34872C750CD9}.Debug|x86.Build.0 = Debug|Any CPU
		{555F0035-E38E-4543-908A-34872C750CD9}.Debug|x86.Deploy.0 = Debug|Any CPU
		{555F0035-E38E-4543-908A-34872C750CD9}.Release|Any CPU.ActiveCfg = Release|Any CPU
		{555F0035-E38E-4543-908A-34872C750CD9}.Release|Any CPU.Build.0 = Release|Any CPU
		{555F0035-E38E-4543-908A-34872C750CD9}.Release|Any CPU.Deploy.0 = Release|Any CPU
		{555F0035-E38E-4543-908A-34872C750CD9}.Release|ARM.ActiveCfg = Release|Any CPU
		{555F0035-E38E-4543-908A-34872C750CD9}.Release|ARM.Build.0 = Release|Any CPU
		{555F0035-E38E-4543-908A-34872C750CD9}.Release|ARM.Deploy.0 = Release|Any CPU
		{555F0035-E38E-4543-908A-34872C750CD9}.Release|ARM64.ActiveCfg = Release|Any CPU
		{555F0035-E38E-4543-908A-34872C750CD9}.Release|ARM64.Build.0 = Release|Any CPU
		{555F0035-E38E-4543-908A-34872C750CD9}.Release|ARM64.Deploy.0 = Release|Any CPU
		{555F0035-E38E-4543-908A-34872C750CD9}.Release|iPhone.ActiveCfg = Release|Any CPU
		{555F0035-E38E-4543-908A-34872C750CD9}.Release|iPhone.Build.0 = Release|Any CPU
		{555F0035-E38E-4543-908A-34872C750CD9}.Release|iPhone.Deploy.0 = Release|Any CPU
		{555F0035-E38E-4543-908A-34872C750CD9}.Release|iPhoneSimulator.ActiveCfg = Release|Any CPU
		{555F0035-E38E-4543-908A-34872C750CD9}.Release|iPhoneSimulator.Build.0 = Release|Any CPU
		{555F0035-E38E-4543-908A-34872C750CD9}.Release|iPhoneSimulator.Deploy.0 = Release|Any CPU
		{555F0035-E38E-4543-908A-34872C750CD9}.Release|x64.ActiveCfg = Release|Any CPU
		{555F0035-E38E-4543-908A-34872C750CD9}.Release|x64.Build.0 = Release|Any CPU
		{555F0035-E38E-4543-908A-34872C750CD9}.Release|x64.Deploy.0 = Release|Any CPU
		{555F0035-E38E-4543-908A-34872C750CD9}.Release|x86.ActiveCfg = Release|Any CPU
		{555F0035-E38E-4543-908A-34872C750CD9}.Release|x86.Build.0 = Release|Any CPU
		{555F0035-E38E-4543-908A-34872C750CD9}.Release|x86.Deploy.0 = Release|Any CPU
		{895ACB2E-591A-4002-A8D8-A475F64A14E2}.Ad-Hoc|Any CPU.ActiveCfg = Ad-Hoc|iPhone
		{895ACB2E-591A-4002-A8D8-A475F64A14E2}.Ad-Hoc|ARM.ActiveCfg = Ad-Hoc|iPhone
		{895ACB2E-591A-4002-A8D8-A475F64A14E2}.Ad-Hoc|ARM64.ActiveCfg = Ad-Hoc|iPhone
		{895ACB2E-591A-4002-A8D8-A475F64A14E2}.Ad-Hoc|iPhone.ActiveCfg = Ad-Hoc|iPhone
		{895ACB2E-591A-4002-A8D8-A475F64A14E2}.Ad-Hoc|iPhone.Build.0 = Ad-Hoc|iPhone
		{895ACB2E-591A-4002-A8D8-A475F64A14E2}.Ad-Hoc|iPhoneSimulator.ActiveCfg = Ad-Hoc|iPhoneSimulator
		{895ACB2E-591A-4002-A8D8-A475F64A14E2}.Ad-Hoc|iPhoneSimulator.Build.0 = Ad-Hoc|iPhoneSimulator
		{895ACB2E-591A-4002-A8D8-A475F64A14E2}.Ad-Hoc|x64.ActiveCfg = Ad-Hoc|iPhone
		{895ACB2E-591A-4002-A8D8-A475F64A14E2}.Ad-Hoc|x86.ActiveCfg = Ad-Hoc|iPhone
		{895ACB2E-591A-4002-A8D8-A475F64A14E2}.AppStore|Any CPU.ActiveCfg = AppStore|iPhone
		{895ACB2E-591A-4002-A8D8-A475F64A14E2}.AppStore|ARM.ActiveCfg = AppStore|iPhone
		{895ACB2E-591A-4002-A8D8-A475F64A14E2}.AppStore|ARM64.ActiveCfg = AppStore|iPhone
		{895ACB2E-591A-4002-A8D8-A475F64A14E2}.AppStore|iPhone.ActiveCfg = AppStore|iPhone
		{895ACB2E-591A-4002-A8D8-A475F64A14E2}.AppStore|iPhone.Build.0 = AppStore|iPhone
		{895ACB2E-591A-4002-A8D8-A475F64A14E2}.AppStore|iPhoneSimulator.ActiveCfg = AppStore|iPhoneSimulator
		{895ACB2E-591A-4002-A8D8-A475F64A14E2}.AppStore|iPhoneSimulator.Build.0 = AppStore|iPhoneSimulator
		{895ACB2E-591A-4002-A8D8-A475F64A14E2}.AppStore|x64.ActiveCfg = AppStore|iPhone
		{895ACB2E-591A-4002-A8D8-A475F64A14E2}.AppStore|x86.ActiveCfg = AppStore|iPhone
		{895ACB2E-591A-4002-A8D8-A475F64A14E2}.Debug|Any CPU.ActiveCfg = Debug|iPhone
		{895ACB2E-591A-4002-A8D8-A475F64A14E2}.Debug|ARM.ActiveCfg = Debug|iPhone
		{895ACB2E-591A-4002-A8D8-A475F64A14E2}.Debug|ARM64.ActiveCfg = Debug|iPhone
		{895ACB2E-591A-4002-A8D8-A475F64A14E2}.Debug|iPhone.ActiveCfg = Debug|iPhone
		{895ACB2E-591A-4002-A8D8-A475F64A14E2}.Debug|iPhone.Build.0 = Debug|iPhone
		{895ACB2E-591A-4002-A8D8-A475F64A14E2}.Debug|iPhoneSimulator.ActiveCfg = Debug|iPhoneSimulator
		{895ACB2E-591A-4002-A8D8-A475F64A14E2}.Debug|iPhoneSimulator.Build.0 = Debug|iPhoneSimulator
		{895ACB2E-591A-4002-A8D8-A475F64A14E2}.Debug|x64.ActiveCfg = Debug|iPhone
		{895ACB2E-591A-4002-A8D8-A475F64A14E2}.Debug|x86.ActiveCfg = Debug|iPhone
		{895ACB2E-591A-4002-A8D8-A475F64A14E2}.Release|Any CPU.ActiveCfg = Release|iPhone
		{895ACB2E-591A-4002-A8D8-A475F64A14E2}.Release|ARM.ActiveCfg = Release|iPhone
		{895ACB2E-591A-4002-A8D8-A475F64A14E2}.Release|ARM64.ActiveCfg = Release|iPhone
		{895ACB2E-591A-4002-A8D8-A475F64A14E2}.Release|iPhone.ActiveCfg = Release|iPhone
		{895ACB2E-591A-4002-A8D8-A475F64A14E2}.Release|iPhone.Build.0 = Release|iPhone
		{895ACB2E-591A-4002-A8D8-A475F64A14E2}.Release|iPhoneSimulator.ActiveCfg = Release|iPhoneSimulator
		{895ACB2E-591A-4002-A8D8-A475F64A14E2}.Release|iPhoneSimulator.Build.0 = Release|iPhoneSimulator
		{895ACB2E-591A-4002-A8D8-A475F64A14E2}.Release|x64.ActiveCfg = Release|iPhone
		{895ACB2E-591A-4002-A8D8-A475F64A14E2}.Release|x86.ActiveCfg = Release|iPhone
		{DF8797BE-4613-45A8-8A85-D3597C33CEFC}.Ad-Hoc|Any CPU.ActiveCfg = Release|x64
		{DF8797BE-4613-45A8-8A85-D3597C33CEFC}.Ad-Hoc|Any CPU.Build.0 = Release|x64
		{DF8797BE-4613-45A8-8A85-D3597C33CEFC}.Ad-Hoc|Any CPU.Deploy.0 = Release|x64
		{DF8797BE-4613-45A8-8A85-D3597C33CEFC}.Ad-Hoc|ARM.ActiveCfg = Release|ARM
		{DF8797BE-4613-45A8-8A85-D3597C33CEFC}.Ad-Hoc|ARM.Build.0 = Release|ARM
		{DF8797BE-4613-45A8-8A85-D3597C33CEFC}.Ad-Hoc|ARM.Deploy.0 = Release|ARM
		{DF8797BE-4613-45A8-8A85-D3597C33CEFC}.Ad-Hoc|ARM64.ActiveCfg = Release|ARM64
		{DF8797BE-4613-45A8-8A85-D3597C33CEFC}.Ad-Hoc|ARM64.Build.0 = Release|ARM64
		{DF8797BE-4613-45A8-8A85-D3597C33CEFC}.Ad-Hoc|ARM64.Deploy.0 = Release|ARM64
		{DF8797BE-4613-45A8-8A85-D3597C33CEFC}.Ad-Hoc|iPhone.ActiveCfg = Release|x64
		{DF8797BE-4613-45A8-8A85-D3597C33CEFC}.Ad-Hoc|iPhone.Build.0 = Release|x64
		{DF8797BE-4613-45A8-8A85-D3597C33CEFC}.Ad-Hoc|iPhone.Deploy.0 = Release|x64
		{DF8797BE-4613-45A8-8A85-D3597C33CEFC}.Ad-Hoc|iPhoneSimulator.ActiveCfg = Release|x64
		{DF8797BE-4613-45A8-8A85-D3597C33CEFC}.Ad-Hoc|iPhoneSimulator.Build.0 = Release|x64
		{DF8797BE-4613-45A8-8A85-D3597C33CEFC}.Ad-Hoc|iPhoneSimulator.Deploy.0 = Release|x64
		{DF8797BE-4613-45A8-8A85-D3597C33CEFC}.Ad-Hoc|x64.ActiveCfg = Release|x64
		{DF8797BE-4613-45A8-8A85-D3597C33CEFC}.Ad-Hoc|x64.Build.0 = Release|x64
		{DF8797BE-4613-45A8-8A85-D3597C33CEFC}.Ad-Hoc|x64.Deploy.0 = Release|x64
		{DF8797BE-4613-45A8-8A85-D3597C33CEFC}.Ad-Hoc|x86.ActiveCfg = Release|x86
		{DF8797BE-4613-45A8-8A85-D3597C33CEFC}.Ad-Hoc|x86.Build.0 = Release|x86
		{DF8797BE-4613-45A8-8A85-D3597C33CEFC}.Ad-Hoc|x86.Deploy.0 = Release|x86
		{DF8797BE-4613-45A8-8A85-D3597C33CEFC}.AppStore|Any CPU.ActiveCfg = Release|x64
		{DF8797BE-4613-45A8-8A85-D3597C33CEFC}.AppStore|Any CPU.Build.0 = Release|x64
		{DF8797BE-4613-45A8-8A85-D3597C33CEFC}.AppStore|Any CPU.Deploy.0 = Release|x64
		{DF8797BE-4613-45A8-8A85-D3597C33CEFC}.AppStore|ARM.ActiveCfg = Release|ARM
		{DF8797BE-4613-45A8-8A85-D3597C33CEFC}.AppStore|ARM.Build.0 = Release|ARM
		{DF8797BE-4613-45A8-8A85-D3597C33CEFC}.AppStore|ARM.Deploy.0 = Release|ARM
		{DF8797BE-4613-45A8-8A85-D3597C33CEFC}.AppStore|ARM64.ActiveCfg = Release|ARM64
		{DF8797BE-4613-45A8-8A85-D3597C33CEFC}.AppStore|ARM64.Build.0 = Release|ARM64
		{DF8797BE-4613-45A8-8A85-D3597C33CEFC}.AppStore|ARM64.Deploy.0 = Release|ARM64
		{DF8797BE-4613-45A8-8A85-D3597C33CEFC}.AppStore|iPhone.ActiveCfg = Release|x64
		{DF8797BE-4613-45A8-8A85-D3597C33CEFC}.AppStore|iPhone.Build.0 = Release|x64
		{DF8797BE-4613-45A8-8A85-D3597C33CEFC}.AppStore|iPhone.Deploy.0 = Release|x64
		{DF8797BE-4613-45A8-8A85-D3597C33CEFC}.AppStore|iPhoneSimulator.ActiveCfg = Release|x64
		{DF8797BE-4613-45A8-8A85-D3597C33CEFC}.AppStore|iPhoneSimulator.Build.0 = Release|x64
		{DF8797BE-4613-45A8-8A85-D3597C33CEFC}.AppStore|iPhoneSimulator.Deploy.0 = Release|x64
		{DF8797BE-4613-45A8-8A85-D3597C33CEFC}.AppStore|x64.ActiveCfg = Release|x64
		{DF8797BE-4613-45A8-8A85-D3597C33CEFC}.AppStore|x64.Build.0 = Release|x64
		{DF8797BE-4613-45A8-8A85-D3597C33CEFC}.AppStore|x64.Deploy.0 = Release|x64
		{DF8797BE-4613-45A8-8A85-D3597C33CEFC}.AppStore|x86.ActiveCfg = Release|x86
		{DF8797BE-4613-45A8-8A85-D3597C33CEFC}.AppStore|x86.Build.0 = Release|x86
		{DF8797BE-4613-45A8-8A85-D3597C33CEFC}.AppStore|x86.Deploy.0 = Release|x86
		{DF8797BE-4613-45A8-8A85-D3597C33CEFC}.Debug|Any CPU.ActiveCfg = Debug|x86
		{DF8797BE-4613-45A8-8A85-D3597C33CEFC}.Debug|ARM.ActiveCfg = Debug|ARM
		{DF8797BE-4613-45A8-8A85-D3597C33CEFC}.Debug|ARM.Build.0 = Debug|ARM
		{DF8797BE-4613-45A8-8A85-D3597C33CEFC}.Debug|ARM.Deploy.0 = Debug|ARM
		{DF8797BE-4613-45A8-8A85-D3597C33CEFC}.Debug|ARM64.ActiveCfg = Debug|ARM64
		{DF8797BE-4613-45A8-8A85-D3597C33CEFC}.Debug|ARM64.Build.0 = Debug|ARM64
		{DF8797BE-4613-45A8-8A85-D3597C33CEFC}.Debug|ARM64.Deploy.0 = Debug|ARM64
		{DF8797BE-4613-45A8-8A85-D3597C33CEFC}.Debug|iPhone.ActiveCfg = Debug|x86
		{DF8797BE-4613-45A8-8A85-D3597C33CEFC}.Debug|iPhoneSimulator.ActiveCfg = Debug|x86
		{DF8797BE-4613-45A8-8A85-D3597C33CEFC}.Debug|x64.ActiveCfg = Debug|x64
		{DF8797BE-4613-45A8-8A85-D3597C33CEFC}.Debug|x64.Build.0 = Debug|x64
		{DF8797BE-4613-45A8-8A85-D3597C33CEFC}.Debug|x64.Deploy.0 = Debug|x64
		{DF8797BE-4613-45A8-8A85-D3597C33CEFC}.Debug|x86.ActiveCfg = Debug|x86
		{DF8797BE-4613-45A8-8A85-D3597C33CEFC}.Debug|x86.Build.0 = Debug|x86
		{DF8797BE-4613-45A8-8A85-D3597C33CEFC}.Debug|x86.Deploy.0 = Debug|x86
		{DF8797BE-4613-45A8-8A85-D3597C33CEFC}.Release|Any CPU.ActiveCfg = Release|x86
		{DF8797BE-4613-45A8-8A85-D3597C33CEFC}.Release|ARM.ActiveCfg = Release|ARM
		{DF8797BE-4613-45A8-8A85-D3597C33CEFC}.Release|ARM.Build.0 = Release|ARM
		{DF8797BE-4613-45A8-8A85-D3597C33CEFC}.Release|ARM.Deploy.0 = Release|ARM
		{DF8797BE-4613-45A8-8A85-D3597C33CEFC}.Release|ARM64.ActiveCfg = Release|ARM64
		{DF8797BE-4613-45A8-8A85-D3597C33CEFC}.Release|ARM64.Build.0 = Release|ARM64
		{DF8797BE-4613-45A8-8A85-D3597C33CEFC}.Release|ARM64.Deploy.0 = Release|ARM64
		{DF8797BE-4613-45A8-8A85-D3597C33CEFC}.Release|iPhone.ActiveCfg = Release|x86
		{DF8797BE-4613-45A8-8A85-D3597C33CEFC}.Release|iPhoneSimulator.ActiveCfg = Release|x86
		{DF8797BE-4613-45A8-8A85-D3597C33CEFC}.Release|x64.ActiveCfg = Release|x64
		{DF8797BE-4613-45A8-8A85-D3597C33CEFC}.Release|x64.Build.0 = Release|x64
		{DF8797BE-4613-45A8-8A85-D3597C33CEFC}.Release|x64.Deploy.0 = Release|x64
		{DF8797BE-4613-45A8-8A85-D3597C33CEFC}.Release|x86.ActiveCfg = Release|x86
		{DF8797BE-4613-45A8-8A85-D3597C33CEFC}.Release|x86.Build.0 = Release|x86
		{DF8797BE-4613-45A8-8A85-D3597C33CEFC}.Release|x86.Deploy.0 = Release|x86
	EndGlobalSection
	GlobalSection(SolutionProperties) = preSolution
		HideSolutionNode = FALSE
	EndGlobalSection
	GlobalSection(ExtensibilityGlobals) = postSolution
		SolutionGuid = {B174F6A7-23FA-43CD-BBA5-5F41C9A96937}
	EndGlobalSection
EndGlobal
